{
  "originHash" : "b8c2dea81e2bfb24e33e24b5076000870840656ed66dee04ba55d8b599553e5a",
  "pins" : [
    {
      "identity" : "swiftsoup",
      "kind" : "remoteSourceControl",
      "location" : "https://github.com/scinfu/SwiftSoup.git",
      "state" : {
        "revision" : "6b4930da67b462d3f200472c902dd016d37a554d",
        "version" : "2.7.7"
      }
    },
    {
      "identity" : "youtubekit",
      "kind" : "remoteSourceControl",
      "location" : "https://github.com/alexeichhorn/YouTubeKit.git",
      "state" : {
        "revision" : "e7dbaa332ff190e85241bb90e9a26f3ce4993458",
        "version" : "0.2.6"
      }
    }
  ],
  "version" : 3
}
